
Microsoft Visual Studio Solution File, Format Version 12.00
# Visual Studio 14
VisualStudioVersion = 14.0.25123.0
MinimumVisualStudioVersion = 10.0.40219.1
Project("{8BC9CEB8-8B4A-11D0-8D11-00A0C91BC942}") = "ds_exercises", "ds_exercises\ds_exercises.vcxproj", "{200C656D-D431-49FB-9D8F-40FAB237371A}"
EndProject
Project("{8BC9CEB8-8B4A-11D0-8D11-00A0C91BC942}") = "ds_chap2_print1dArray", "ds_chap2_print1dArray\ds_chap2_print1dArray.vcxproj", "{C08F1F75-3271-491C-8D0E-50DC77638AE7}"
EndProject
Project("{8BC9CEB8-8B4A-11D0-8D11-00A0C91BC942}") = "ds_chap2_sum1dArray", "ds_chap2_sum1dArray\ds_chap2_sum1dArray.vcxproj", "{82FAA88A-A170-44CE-9BB5-0CE04E78333F}"
EndProject
Project("{8BC9CEB8-8B4A-11D0-8D11-00A0C91BC942}") = "ds_chap2_mergeSeqList", "ds_chap2_mergeSeqList\ds_chap2_mergeSeqList.vcxproj", "{D7D7D845-2C80-42C9-A1BD-7996C4A3CE31}"
EndProject
Project("{8BC9CEB8-8B4A-11D0-8D11-00A0C91BC942}") = "ds_chap2_seqList", "ds_chap2_seqList\ds_chap2_seqList.vcxproj", "{8604EEDC-D0C0-4A48-B16A-E4D9CC4DD5D6}"
EndProject
Project("{8BC9CEB8-8B4A-11D0-8D11-00A0C91BC942}") = "ds_chap3_reseveLinklist", "ds_chap3_reseveLinklist\ds_chap3_reseveLinklist.vcxproj", "{67F2E6AC-77CA-4A67-80F5-010FB1B1EB1E}"
EndProject
Project("{8BC9CEB8-8B4A-11D0-8D11-00A0C91BC942}") = "ds_chap3_linkList", "ds_chap3_linkList\ds_chap3_linkList.vcxproj", "{9BA8D2D8-06EC-4A62-8289-836D552D05E4}"
EndProject
Project("{8BC9CEB8-8B4A-11D0-8D11-00A0C91BC942}") = "ds_chap3_mergeLinkList", "ds_chap3_mergeLinkList\ds_chap3_mergeLinkList.vcxproj", "{E00F2E4F-36EA-4929-8BA9-2E3FB1F7AACB}"
EndProject
Project("{8BC9CEB8-8B4A-11D0-8D11-00A0C91BC942}") = "ds_chap4_queue", "ds_chap4_queue\ds_chap4_queue.vcxproj", "{359464F4-4F10-434B-9FD9-30294744BE5F}"
EndProject
Project("{8BC9CEB8-8B4A-11D0-8D11-00A0C91BC942}") = "ds_questions", "ds_questions\ds_questions.vcxproj", "{9E674881-20D8-4F50-AE59-7C2E48B7061B}"
EndProject
Project("{8BC9CEB8-8B4A-11D0-8D11-00A0C91BC942}") = "ds_questions_joseph", "ds_questions_joseph\ds_questions_joseph.vcxproj", "{F07F1130-DE5E-4C02-82D3-3862F8B123CD}"
EndProject
Project("{8BC9CEB8-8B4A-11D0-8D11-00A0C91BC942}") = "ds_questions_polynomial", "ds_questions_polynomial\ds_questions_polynomial.vcxproj", "{1EC4C3A6-34DF-402D-A0E3-BB1810C08063}"
EndProject
Project("{8BC9CEB8-8B4A-11D0-8D11-00A0C91BC942}") = "ds_chap5_binaryTree", "ds_chap5_binaryTree\ds_chap5_binaryTree.vcxproj", "{5CA4D105-EEF0-41E7-8A2F-8F14017BBB71}"
EndProject
Global
	GlobalSection(SolutionConfigurationPlatforms) = preSolution
		Debug|x64 = Debug|x64
		Debug|x86 = Debug|x86
		Release|x64 = Release|x64
		Release|x86 = Release|x86
	EndGlobalSection
	GlobalSection(ProjectConfigurationPlatforms) = postSolution
		{200C656D-D431-49FB-9D8F-40FAB237371A}.Debug|x64.ActiveCfg = Debug|x64
		{200C656D-D431-49FB-9D8F-40FAB237371A}.Debug|x64.Build.0 = Debug|x64
		{200C656D-D431-49FB-9D8F-40FAB237371A}.Debug|x86.ActiveCfg = Debug|Win32
		{200C656D-D431-49FB-9D8F-40FAB237371A}.Debug|x86.Build.0 = Debug|Win32
		{200C656D-D431-49FB-9D8F-40FAB237371A}.Release|x64.ActiveCfg = Release|x64
		{200C656D-D431-49FB-9D8F-40FAB237371A}.Release|x64.Build.0 = Release|x64
		{200C656D-D431-49FB-9D8F-40FAB237371A}.Release|x86.ActiveCfg = Release|Win32
		{200C656D-D431-49FB-9D8F-40FAB237371A}.Release|x86.Build.0 = Release|Win32
		{C08F1F75-3271-491C-8D0E-50DC77638AE7}.Debug|x64.ActiveCfg = Debug|x64
		{C08F1F75-3271-491C-8D0E-50DC77638AE7}.Debug|x64.Build.0 = Debug|x64
		{C08F1F75-3271-491C-8D0E-50DC77638AE7}.Debug|x86.ActiveCfg = Debug|Win32
		{C08F1F75-3271-491C-8D0E-50DC77638AE7}.Debug|x86.Build.0 = Debug|Win32
		{C08F1F75-3271-491C-8D0E-50DC77638AE7}.Release|x64.ActiveCfg = Release|x64
		{C08F1F75-3271-491C-8D0E-50DC77638AE7}.Release|x64.Build.0 = Release|x64
		{C08F1F75-3271-491C-8D0E-50DC77638AE7}.Release|x86.ActiveCfg = Release|Win32
		{C08F1F75-3271-491C-8D0E-50DC77638AE7}.Release|x86.Build.0 = Release|Win32
		{82FAA88A-A170-44CE-9BB5-0CE04E78333F}.Debug|x64.ActiveCfg = Debug|x64
		{82FAA88A-A170-44CE-9BB5-0CE04E78333F}.Debug|x64.Build.0 = Debug|x64
		{82FAA88A-A170-44CE-9BB5-0CE04E78333F}.Debug|x86.ActiveCfg = Debug|Win32
		{82FAA88A-A170-44CE-9BB5-0CE04E78333F}.Debug|x86.Build.0 = Debug|Win32
		{82FAA88A-A170-44CE-9BB5-0CE04E78333F}.Release|x64.ActiveCfg = Release|x64
		{82FAA88A-A170-44CE-9BB5-0CE04E78333F}.Release|x64.Build.0 = Release|x64
		{82FAA88A-A170-44CE-9BB5-0CE04E78333F}.Release|x86.ActiveCfg = Release|Win32
		{82FAA88A-A170-44CE-9BB5-0CE04E78333F}.Release|x86.Build.0 = Release|Win32
		{D7D7D845-2C80-42C9-A1BD-7996C4A3CE31}.Debug|x64.ActiveCfg = Debug|x64
		{D7D7D845-2C80-42C9-A1BD-7996C4A3CE31}.Debug|x64.Build.0 = Debug|x64
		{D7D7D845-2C80-42C9-A1BD-7996C4A3CE31}.Debug|x86.ActiveCfg = Debug|Win32
		{D7D7D845-2C80-42C9-A1BD-7996C4A3CE31}.Debug|x86.Build.0 = Debug|Win32
		{D7D7D845-2C80-42C9-A1BD-7996C4A3CE31}.Release|x64.ActiveCfg = Release|x64
		{D7D7D845-2C80-42C9-A1BD-7996C4A3CE31}.Release|x64.Build.0 = Release|x64
		{D7D7D845-2C80-42C9-A1BD-7996C4A3CE31}.Release|x86.ActiveCfg = Release|Win32
		{D7D7D845-2C80-42C9-A1BD-7996C4A3CE31}.Release|x86.Build.0 = Release|Win32
		{8604EEDC-D0C0-4A48-B16A-E4D9CC4DD5D6}.Debug|x64.ActiveCfg = Debug|x64
		{8604EEDC-D0C0-4A48-B16A-E4D9CC4DD5D6}.Debug|x64.Build.0 = Debug|x64
		{8604EEDC-D0C0-4A48-B16A-E4D9CC4DD5D6}.Debug|x86.ActiveCfg = Debug|Win32
		{8604EEDC-D0C0-4A48-B16A-E4D9CC4DD5D6}.Debug|x86.Build.0 = Debug|Win32
		{8604EEDC-D0C0-4A48-B16A-E4D9CC4DD5D6}.Release|x64.ActiveCfg = Release|x64
		{8604EEDC-D0C0-4A48-B16A-E4D9CC4DD5D6}.Release|x64.Build.0 = Release|x64
		{8604EEDC-D0C0-4A48-B16A-E4D9CC4DD5D6}.Release|x86.ActiveCfg = Release|Win32
		{8604EEDC-D0C0-4A48-B16A-E4D9CC4DD5D6}.Release|x86.Build.0 = Release|Win32
		{67F2E6AC-77CA-4A67-80F5-010FB1B1EB1E}.Debug|x64.ActiveCfg = Debug|x64
		{67F2E6AC-77CA-4A67-80F5-010FB1B1EB1E}.Debug|x64.Build.0 = Debug|x64
		{67F2E6AC-77CA-4A67-80F5-010FB1B1EB1E}.Debug|x86.ActiveCfg = Debug|Win32
		{67F2E6AC-77CA-4A67-80F5-010FB1B1EB1E}.Debug|x86.Build.0 = Debug|Win32
		{67F2E6AC-77CA-4A67-80F5-010FB1B1EB1E}.Release|x64.ActiveCfg = Release|x64
		{67F2E6AC-77CA-4A67-80F5-010FB1B1EB1E}.Release|x64.Build.0 = Release|x64
		{67F2E6AC-77CA-4A67-80F5-010FB1B1EB1E}.Release|x86.ActiveCfg = Release|Win32
		{67F2E6AC-77CA-4A67-80F5-010FB1B1EB1E}.Release|x86.Build.0 = Release|Win32
		{9BA8D2D8-06EC-4A62-8289-836D552D05E4}.Debug|x64.ActiveCfg = Debug|x64
		{9BA8D2D8-06EC-4A62-8289-836D552D05E4}.Debug|x64.Build.0 = Debug|x64
		{9BA8D2D8-06EC-4A62-8289-836D552D05E4}.Debug|x86.ActiveCfg = Debug|Win32
		{9BA8D2D8-06EC-4A62-8289-836D552D05E4}.Debug|x86.Build.0 = Debug|Win32
		{9BA8D2D8-06EC-4A62-8289-836D552D05E4}.Release|x64.ActiveCfg = Release|x64
		{9BA8D2D8-06EC-4A62-8289-836D552D05E4}.Release|x64.Build.0 = Release|x64
		{9BA8D2D8-06EC-4A62-8289-836D552D05E4}.Release|x86.ActiveCfg = Release|Win32
		{9BA8D2D8-06EC-4A62-8289-836D552D05E4}.Release|x86.Build.0 = Release|Win32
		{E00F2E4F-36EA-4929-8BA9-2E3FB1F7AACB}.Debug|x64.ActiveCfg = Debug|x64
		{E00F2E4F-36EA-4929-8BA9-2E3FB1F7AACB}.Debug|x64.Build.0 = Debug|x64
		{E00F2E4F-36EA-4929-8BA9-2E3FB1F7AACB}.Debug|x86.ActiveCfg = Debug|Win32
		{E00F2E4F-36EA-4929-8BA9-2E3FB1F7AACB}.Debug|x86.Build.0 = Debug|Win32
		{E00F2E4F-36EA-4929-8BA9-2E3FB1F7AACB}.Release|x64.ActiveCfg = Release|x64
		{E00F2E4F-36EA-4929-8BA9-2E3FB1F7AACB}.Release|x64.Build.0 = Release|x64
		{E00F2E4F-36EA-4929-8BA9-2E3FB1F7AACB}.Release|x86.ActiveCfg = Release|Win32
		{E00F2E4F-36EA-4929-8BA9-2E3FB1F7AACB}.Release|x86.Build.0 = Release|Win32
		{359464F4-4F10-434B-9FD9-30294744BE5F}.Debug|x64.ActiveCfg = Debug|x64
		{359464F4-4F10-434B-9FD9-30294744BE5F}.Debug|x64.Build.0 = Debug|x64
		{359464F4-4F10-434B-9FD9-30294744BE5F}.Debug|x86.ActiveCfg = Debug|Win32
		{359464F4-4F10-434B-9FD9-30294744BE5F}.Debug|x86.Build.0 = Debug|Win32
		{359464F4-4F10-434B-9FD9-30294744BE5F}.Release|x64.ActiveCfg = Release|x64
		{359464F4-4F10-434B-9FD9-30294744BE5F}.Release|x64.Build.0 = Release|x64
		{359464F4-4F10-434B-9FD9-30294744BE5F}.Release|x86.ActiveCfg = Release|Win32
		{359464F4-4F10-434B-9FD9-30294744BE5F}.Release|x86.Build.0 = Release|Win32
		{9E674881-20D8-4F50-AE59-7C2E48B7061B}.Debug|x64.ActiveCfg = Debug|x64
		{9E674881-20D8-4F50-AE59-7C2E48B7061B}.Debug|x64.Build.0 = Debug|x64
		{9E674881-20D8-4F50-AE59-7C2E48B7061B}.Debug|x86.ActiveCfg = Debug|Win32
		{9E674881-20D8-4F50-AE59-7C2E48B7061B}.Debug|x86.Build.0 = Debug|Win32
		{9E674881-20D8-4F50-AE59-7C2E48B7061B}.Release|x64.ActiveCfg = Release|x64
		{9E674881-20D8-4F50-AE59-7C2E48B7061B}.Release|x64.Build.0 = Release|x64
		{9E674881-20D8-4F50-AE59-7C2E48B7061B}.Release|x86.ActiveCfg = Release|Win32
		{9E674881-20D8-4F50-AE59-7C2E48B7061B}.Release|x86.Build.0 = Release|Win32
		{F07F1130-DE5E-4C02-82D3-3862F8B123CD}.Debug|x64.ActiveCfg = Debug|x64
		{F07F1130-DE5E-4C02-82D3-3862F8B123CD}.Debug|x64.Build.0 = Debug|x64
		{F07F1130-DE5E-4C02-82D3-3862F8B123CD}.Debug|x86.ActiveCfg = Debug|Win32
		{F07F1130-DE5E-4C02-82D3-3862F8B123CD}.Debug|x86.Build.0 = Debug|Win32
		{F07F1130-DE5E-4C02-82D3-3862F8B123CD}.Release|x64.ActiveCfg = Release|x64
		{F07F1130-DE5E-4C02-82D3-3862F8B123CD}.Release|x64.Build.0 = Release|x64
		{F07F1130-DE5E-4C02-82D3-3862F8B123CD}.Release|x86.ActiveCfg = Release|Win32
		{F07F1130-DE5E-4C02-82D3-3862F8B123CD}.Release|x86.Build.0 = Release|Win32
		{1EC4C3A6-34DF-402D-A0E3-BB1810C08063}.Debug|x64.ActiveCfg = Debug|x64
		{1EC4C3A6-34DF-402D-A0E3-BB1810C08063}.Debug|x64.Build.0 = Debug|x64
		{1EC4C3A6-34DF-402D-A0E3-BB1810C08063}.Debug|x86.ActiveCfg = Debug|Win32
		{1EC4C3A6-34DF-402D-A0E3-BB1810C08063}.Debug|x86.Build.0 = Debug|Win32
		{1EC4C3A6-34DF-402D-A0E3-BB1810C08063}.Release|x64.ActiveCfg = Release|x64
		{1EC4C3A6-34DF-402D-A0E3-BB1810C08063}.Release|x64.Build.0 = Release|x64
		{1EC4C3A6-34DF-402D-A0E3-BB1810C08063}.Release|x86.ActiveCfg = Release|Win32
		{1EC4C3A6-34DF-402D-A0E3-BB1810C08063}.Release|x86.Build.0 = Release|Win32
		{5CA4D105-EEF0-41E7-8A2F-8F14017BBB71}.Debug|x64.ActiveCfg = Debug|x64
		{5CA4D105-EEF0-41E7-8A2F-8F14017BBB71}.Debug|x64.Build.0 = Debug|x64
		{5CA4D105-EEF0-41E7-8A2F-8F14017BBB71}.Debug|x86.ActiveCfg = Debug|Win32
		{5CA4D105-EEF0-41E7-8A2F-8F14017BBB71}.Debug|x86.Build.0 = Debug|Win32
		{5CA4D105-EEF0-41E7-8A2F-8F14017BBB71}.Release|x64.ActiveCfg = Release|x64
		{5CA4D105-EEF0-41E7-8A2F-8F14017BBB71}.Release|x64.Build.0 = Release|x64
		{5CA4D105-EEF0-41E7-8A2F-8F14017BBB71}.Release|x86.ActiveCfg = Release|Win32
		{5CA4D105-EEF0-41E7-8A2F-8F14017BBB71}.Release|x86.Build.0 = Release|Win32
	EndGlobalSection
	GlobalSection(SolutionProperties) = preSolution
		HideSolutionNode = FALSE
	EndGlobalSection
EndGlobal
